
Microsoft Visual Studio Solution File, Format Version 12.00
# Visual Studio Version 16
VisualStudioVersion = 16.0.30804.86
MinimumVisualStudioVersion = 10.0.40219.1
Project("{FAE04EC0-301F-11D3-BF4B-00C04F79EFBC}") = "WebsiteBanHang", "WebsiteBanHang\WebsiteBanHang.csproj", "{132637C5-352E-447F-86BA-A934E755C85D}"
EndProject
Global
	GlobalSection(SolutionConfigurationPlatforms) = preSolution
		Debug|Any CPU = Debug|Any CPU
		Release|Any CPU = Release|Any CPU
	EndGlobalSection
	GlobalSection(ProjectConfigurationPlatforms) = postSolution
		{132637C5-352E-447F-86BA-A934E755C85D}.Debug|Any CPU.ActiveCfg = Debug|Any CPU
		{132637C5-352E-447F-86BA-A934E755C85D}.Debug|Any CPU.Build.0 = Debug|Any CPU
		{132637C5-352E-447F-86BA-A934E755C85D}.Release|Any CPU.ActiveCfg = Release|Any CPU
		{132637C5-352E-447F-86BA-A934E755C85D}.Release|Any CPU.Build.0 = Release|Any CPU
	EndGlobalSection
	GlobalSection(SolutionProperties) = preSolution
		HideSolutionNode = FALSE
	EndGlobalSection
	GlobalSection(ExtensibilityGlobals) = postSolution
		SolutionGuid = {6E69D96E-C4B9-49D2-A800-4AE0369A6F24}
	EndGlobalSection
EndGlobal
